
Microsoft Visual Studio Solution File, Format Version 12.00
# Visual Studio Version 16
VisualStudioVersion = 16.0.30611.23
MinimumVisualStudioVersion = 10.0.40219.1
Project("{FAE04EC0-301F-11D3-BF4B-00C04F79EFBC}") = "Pizza23-28", "Pizza23-28.csproj", "{87F1CB12-5DB7-4D01-9BE7-484810F737FE}"
EndProject
Global
	GlobalSection(SolutionConfigurationPlatforms) = preSolution
		Debug|Any CPU = Debug|Any CPU
		Release|Any CPU = Release|Any CPU
	EndGlobalSection
	GlobalSection(ProjectConfigurationPlatforms) = postSolution
		{87F1CB12-5DB7-4D01-9BE7-484810F737FE}.Debug|Any CPU.ActiveCfg = Debug|Any CPU
		{87F1CB12-5DB7-4D01-9BE7-484810F737FE}.Debug|Any CPU.Build.0 = Debug|Any CPU
		{87F1CB12-5DB7-4D01-9BE7-484810F737FE}.Release|Any CPU.ActiveCfg = Release|Any CPU
		{87F1CB12-5DB7-4D01-9BE7-484810F737FE}.Release|Any CPU.Build.0 = Release|Any CPU
	EndGlobalSection
	GlobalSection(SolutionProperties) = preSolution
		HideSolutionNode = FALSE
	EndGlobalSection
	GlobalSection(ExtensibilityGlobals) = postSolution
		SolutionGuid = {A0FE804B-8444-40CB-8889-B12C909F816E}
	EndGlobalSection
EndGlobal
